{
  "name": "@energetics/lr-util-dev",
  "version": "0.1.0",
  "lockfileVersion": 2,
  "requires": true,
  "packages": {
    "": {
      "name": "@energetics/lr-util-dev",
      "version": "0.1.0",
      "dependencies": {
        "@codemirror/autocomplete": "^0.19.9",
        "@codemirror/basic-setup": "^0.19.0",
        "@codemirror/closebrackets": "^0.19.0",
        "@codemirror/commands": "^0.19.5",
        "@codemirror/comment": "^0.19.0",
        "@codemirror/fold": "^0.19.2",
        "@codemirror/gutter": "^0.19.9",
        "@codemirror/highlight": "^0.19.6",
        "@codemirror/history": "^0.19.0",
        "@codemirror/language": "^0.19.7",
        "@codemirror/lint": "^0.19.3",
        "@codemirror/matchbrackets": "^0.19.3",
        "@codemirror/rectangular-selection": "^0.19.1",
        "@codemirror/search": "^0.19.4",
        "@codemirror/state": "^0.19.6",
        "@codemirror/view": "^0.19.26",
        "react": "^17.0.2",
        "react-dom": "^17.0.2"
      },
      "devDependencies": {
        "@types/react": "^17.0.27",
        "@types/react-dom": "^17.0.11"
      }
    },
    "node_modules/@codemirror/autocomplete": {
      "version": "0.19.9",
      "resolved": "https://registry.npmjs.org/@codemirror/autocomplete/-/autocomplete-0.19.9.tgz",
      "integrity": "sha512-Ph1LWHtFFqNUIqEVrws6I263ihe5TH+TRBPwxQ78j7st7Q67FDAmgKX6mNbUPh02dxfqQrc9qxlo5JIqKeiVdg==",
      "dependencies": {
        "@codemirror/language": "^0.19.0",
        "@codemirror/state": "^0.19.4",
        "@codemirror/text": "^0.19.2",
        "@codemirror/tooltip": "^0.19.0",
        "@codemirror/view": "^0.19.0",
        "@lezer/common": "^0.15.0"
      }
    },
    "node_modules/@codemirror/basic-setup": {
      "version": "0.19.0",
      "resolved": "https://registry.npmjs.org/@codemirror/basic-setup/-/basic-setup-0.19.0.tgz",
      "integrity": "sha512-Yhrf7fIz8+INHWOhpWeRwbs8fpc0KsydX9baD7TyYqniLVWyTi0Hwm52mr0f5O+k4YaJPeHAgT3x9gzDXZIvOw==",
      "dependencies": {
        "@codemirror/autocomplete": "^0.19.0",
        "@codemirror/closebrackets": "^0.19.0",
        "@codemirror/commands": "^0.19.0",
        "@codemirror/comment": "^0.19.0",
        "@codemirror/fold": "^0.19.0",
        "@codemirror/gutter": "^0.19.0",
        "@codemirror/highlight": "^0.19.0",
        "@codemirror/history": "^0.19.0",
        "@codemirror/language": "^0.19.0",
        "@codemirror/lint": "^0.19.0",
        "@codemirror/matchbrackets": "^0.19.0",
        "@codemirror/rectangular-selection": "^0.19.0",
        "@codemirror/search": "^0.19.0",
        "@codemirror/state": "^0.19.0",
        "@codemirror/view": "^0.19.0"
      }
    },
    "node_modules/@codemirror/closebrackets": {
      "version": "0.19.0",
      "resolved": "https://registry.npmjs.org/@codemirror/closebrackets/-/closebrackets-0.19.0.tgz",
      "integrity": "sha512-dFWX5OEVYWRNtGaifSbwIAlymnRRjxWMiMbffbAjF7p0zfGHDbdGkiT56q3Xud63h5/tQdSo5dK1iyNTzHz5vg==",
      "dependencies": {
        "@codemirror/language": "^0.19.0",
        "@codemirror/rangeset": "^0.19.0",
        "@codemirror/state": "^0.19.0",
        "@codemirror/text": "^0.19.0",
        "@codemirror/view": "^0.19.0"
      }
    },
    "node_modules/@codemirror/commands": {
      "version": "0.19.5",
      "resolved": "https://registry.npmjs.org/@codemirror/commands/-/commands-0.19.5.tgz",
      "integrity": "sha512-8PZOtx7d/GbKhFYA88zs2wINDtaUgj3pEjLYScKTd/Vsyw8qOp86tJQQNnMFTRZj/ISQl9Lbg3aAmHvroMqspw==",
      "dependencies": {
        "@codemirror/language": "^0.19.0",
        "@codemirror/matchbrackets": "^0.19.0",
        "@codemirror/state": "^0.19.2",
        "@codemirror/text": "^0.19.0",
        "@codemirror/view": "^0.19.0",
        "@lezer/common": "^0.15.0"
      }
    },
    "node_modules/@codemirror/comment": {
      "version": "0.19.0",
      "resolved": "https://registry.npmjs.org/@codemirror/comment/-/comment-0.19.0.tgz",
      "integrity": "sha512-3hqAd0548fxqOBm4khFMcXVIivX8p0bSlbAuZJ6PNoUn/0wXhxkxowPp0FmFzU2+y37Z+ZQF5cRB5EREWPRIiQ==",
      "dependencies": {
        "@codemirror/state": "^0.19.0",
        "@codemirror/text": "^0.19.0",
        "@codemirror/view": "^0.19.0"
      }
    },
    "node_modules/@codemirror/fold": {
      "version": "0.19.2",
      "resolved": "https://registry.npmjs.org/@codemirror/fold/-/fold-0.19.2.tgz",
      "integrity": "sha512-FLi6RBhHPBnSbKZEu1S98z+VYSP5678cMdYVqhR58OWWTkEiLRVPeCTj8FhRKNL9B8Gx+lBQhGq3uwr3KtSs8w==",
      "dependencies": {
        "@codemirror/gutter": "^0.19.0",
        "@codemirror/language": "^0.19.0",
        "@codemirror/rangeset": "^0.19.0",
        "@codemirror/state": "^0.19.0",
        "@codemirror/view": "^0.19.22"
      }
    },
    "node_modules/@codemirror/gutter": {
      "version": "0.19.9",
      "resolved": "https://registry.npmjs.org/@codemirror/gutter/-/gutter-0.19.9.tgz",
      "integrity": "sha512-PFrtmilahin1g6uL27aG5tM/rqR9DZzZYZsIrCXA5Uc2OFTFqx4owuhoU9hqfYxHp5ovfvBwQ+txFzqS4vog6Q==",
      "dependencies": {
        "@codemirror/rangeset": "^0.19.0",
        "@codemirror/state": "^0.19.0",
        "@codemirror/view": "^0.19.23"
      }
    },
    "node_modules/@codemirror/highlight": {
      "version": "0.19.6",
      "resolved": "https://registry.npmjs.org/@codemirror/highlight/-/highlight-0.19.6.tgz",
      "integrity": "sha512-+eibu6on9quY8uN3xJ/n3rH+YIDLlpX7YulVmFvqAIz/ukRQ5tWaBmB7fMixHmnmRIRBRZgB8rNtonuMwZSAHQ==",
      "dependencies": {
        "@codemirror/language": "^0.19.0",
        "@codemirror/rangeset": "^0.19.0",
        "@codemirror/state": "^0.19.0",
        "@codemirror/view": "^0.19.0",
        "@lezer/common": "^0.15.0",
        "style-mod": "^4.0.0"
      }
    },
    "node_modules/@codemirror/history": {
      "version": "0.19.0",
      "resolved": "https://registry.npmjs.org/@codemirror/history/-/history-0.19.0.tgz",
      "integrity": "sha512-E0H+lncH66IMDhaND9jgkjE7s0dhYfjCPmS+Ig2Yes9I8+UIEecIdObj8c8HPCFGctGg3fxXqRAw2mdHl2Wouw==",
      "dependencies": {
        "@codemirror/state": "^0.19.0",
        "@codemirror/view": "^0.19.0"
      }
    },
    "node_modules/@codemirror/language": {
      "version": "0.19.7",
      "resolved": "https://registry.npmjs.org/@codemirror/language/-/language-0.19.7.tgz",
      "integrity": "sha512-pNNUtYWMIMG0lUSKyUXJr8U0rFiCKsKFXbA2Oj17PC+S1FY99hV0z1vcntW67ekAIZw9DMEUQnLsKBuIbAUX7Q==",
      "dependencies": {
        "@codemirror/state": "^0.19.0",
        "@codemirror/text": "^0.19.0",
        "@codemirror/view": "^0.19.0",
        "@lezer/common": "^0.15.5",
        "@lezer/lr": "^0.15.0"
      }
    },
    "node_modules/@codemirror/lint": {
      "version": "0.19.3",
      "resolved": "https://registry.npmjs.org/@codemirror/lint/-/lint-0.19.3.tgz",
      "integrity": "sha512-+c39s05ybD2NjghxkPFsUbH/qBL0cdzKmtHbzUm0RVspeL2OiP7uHYJ6J5+Qr9RjMIPWzcqSauRqxfmCrctUfg==",
      "dependencies": {
        "@codemirror/gutter": "^0.19.4",
        "@codemirror/panel": "^0.19.0",
        "@codemirror/rangeset": "^0.19.1",
        "@codemirror/state": "^0.19.4",
        "@codemirror/tooltip": "^0.19.5",
        "@codemirror/view": "^0.19.0",
        "crelt": "^1.0.5"
      }
    },
    "node_modules/@codemirror/matchbrackets": {
      "version": "0.19.3",
      "resolved": "https://registry.npmjs.org/@codemirror/matchbrackets/-/matchbrackets-0.19.3.tgz",
      "integrity": "sha512-ljkrBxaLgh8jesroUiBa57pdEwqJamxkukXrJpL9LdyFZVJaF+9TldhztRaMsMZO1XnCSSHQ9sg32iuHo7Sc2g==",
      "dependencies": {
        "@codemirror/language": "^0.19.0",
        "@codemirror/state": "^0.19.0",
        "@codemirror/view": "^0.19.0",
        "@lezer/common": "^0.15.0"
      }
    },
    "node_modules/@codemirror/panel": {
      "version": "0.19.0",
      "resolved": "https://registry.npmjs.org/@codemirror/panel/-/panel-0.19.0.tgz",
      "integrity": "sha512-LJuu49xnuhaAztlhnLJQ57ddOirSyf8/lnl7twsQUG/05RkxodBZ9F7q8r5AOLqOkaQOy9WySEKX1Ur8lD9Q5w==",
      "dependencies": {
        "@codemirror/state": "^0.19.0",
        "@codemirror/view": "^0.19.0"
      }
    },
    "node_modules/@codemirror/rangeset": {
      "version": "0.19.2",
      "resolved": "https://registry.npmjs.org/@codemirror/rangeset/-/rangeset-0.19.2.tgz",
      "integrity": "sha512-5d+X8LtmeZtfFtKrSx57bIHRUpKv2HD0b74clp4fGA7qJLLfYehF6FGkJJxJb8lKsqAga1gdjjWr0jiypmIxoQ==",
      "dependencies": {
        "@codemirror/state": "^0.19.0"
      }
    },
    "node_modules/@codemirror/rectangular-selection": {
      "version": "0.19.1",
      "resolved": "https://registry.npmjs.org/@codemirror/rectangular-selection/-/rectangular-selection-0.19.1.tgz",
      "integrity": "sha512-9ElnqOg3mpZIWe0prPRd1SZ48Q9QB3bR8Aocq8UtjboJSUG8ABhRrbuTZMW/rMqpBPSjVpCe9xkCCkEQMYQVmw==",
      "dependencies": {
        "@codemirror/state": "^0.19.0",
        "@codemirror/text": "^0.19.4",
        "@codemirror/view": "^0.19.0"
      }
    },
    "node_modules/@codemirror/search": {
      "version": "0.19.4",
      "resolved": "https://registry.npmjs.org/@codemirror/search/-/search-0.19.4.tgz",
      "integrity": "sha512-Oogbi/Ep7suM3Q6eCeRdaPBHyJtuFnYo287H9uXwrbS7nCCoqYBy272tUt0OMt3GhJ3yK0/g+XMDveb+HVKRtA==",
      "dependencies": {
        "@codemirror/panel": "^0.19.0",
        "@codemirror/rangeset": "^0.19.0",
        "@codemirror/state": "^0.19.3",
        "@codemirror/text": "^0.19.0",
        "@codemirror/view": "^0.19.0",
        "crelt": "^1.0.5"
      }
    },
    "node_modules/@codemirror/state": {
      "version": "0.19.6",
      "resolved": "https://registry.npmjs.org/@codemirror/state/-/state-0.19.6.tgz",
      "integrity": "sha512-sqIQZE9VqwQj7D4c2oz9mfLhlT1ElAzGB5lO1lE33BPyrdNy1cJyCIOecT4cn4VeJOFrnjOeu+IftZ3zqdFETw==",
      "dependencies": {
        "@codemirror/text": "^0.19.0"
      }
    },
    "node_modules/@codemirror/text": {
      "version": "0.19.5",
      "resolved": "https://registry.npmjs.org/@codemirror/text/-/text-0.19.5.tgz",
      "integrity": "sha512-Syu5Xc7tZzeUAM/y4fETkT0zgGr48rDG+w4U38bPwSIUr+L9S/7w2wDE1WGNzjaZPz12F6gb1gxWiSTg9ocLow=="
    },
    "node_modules/@codemirror/tooltip": {
      "version": "0.19.10",
      "resolved": "https://registry.npmjs.org/@codemirror/tooltip/-/tooltip-0.19.10.tgz",
      "integrity": "sha512-xqIhCHr+IYoamdNLvBnU/oDh92zPnsbT1zLaFtKTFi9GI9SxOfBhWY3jfMENlK0j1C9rk8+AvwpXblPGvY/O6w==",
      "dependencies": {
        "@codemirror/state": "^0.19.0",
        "@codemirror/view": "^0.19.0"
      }
    },
    "node_modules/@codemirror/view": {
      "version": "0.19.26",
      "resolved": "https://registry.npmjs.org/@codemirror/view/-/view-0.19.26.tgz",
      "integrity": "sha512-7QfXtFLDqXY2TfdxPCQ/NvXjINGaqXQ6SAHKQmxZ+jDcTCWmhFcxaAkrDneqcfGmtp72tUPOXG9PiwCbRWgRLw==",
      "dependencies": {
        "@codemirror/rangeset": "^0.19.0",
        "@codemirror/state": "^0.19.3",
        "@codemirror/text": "^0.19.0",
        "style-mod": "^4.0.0",
        "w3c-keyname": "^2.2.4"
      }
    },
    "node_modules/@lezer/common": {
      "version": "0.15.10",
      "resolved": "https://registry.npmjs.org/@lezer/common/-/common-0.15.10.tgz",
      "integrity": "sha512-vlr+be73zTDoQBIknBVOh/633tmbQcjxUu9PIeVeYESeBK3V6TuBW96RRFg93Y2cyK9lglz241gOgSn452HFvA=="
    },
    "node_modules/@lezer/lr": {
      "version": "0.15.5",
      "resolved": "https://registry.npmjs.org/@lezer/lr/-/lr-0.15.5.tgz",
      "integrity": "sha512-DEcLyhdmBxD1foQe7RegLrSlfS/XaTMGLkO5evkzHWAQKh/JnFWp7j7iNB7s2EpxzRrBCh0U+W7JDCeFhv2mng==",
      "dependencies": {
        "@lezer/common": "^0.15.0"
      }
    },
    "node_modules/@types/prop-types": {
      "version": "15.7.4",
      "resolved": "https://registry.npmjs.org/@types/prop-types/-/prop-types-15.7.4.tgz",
      "integrity": "sha512-rZ5drC/jWjrArrS8BR6SIr4cWpW09RNTYt9AMZo3Jwwif+iacXAqgVjm0B0Bv/S1jhDXKHqRVNCbACkJ89RAnQ==",
      "dev": true
    },
    "node_modules/@types/react": {
      "version": "17.0.35",
      "resolved": "https://registry.npmjs.org/@types/react/-/react-17.0.35.tgz",
      "integrity": "sha512-r3C8/TJuri/SLZiiwwxQoLAoavaczARfT9up9b4Jr65+ErAUX3MIkU0oMOQnrpfgHme8zIqZLX7O5nnjm5Wayw==",
      "dev": true,
      "dependencies": {
        "@types/prop-types": "*",
        "@types/scheduler": "*",
        "csstype": "^3.0.2"
      }
    },
    "node_modules/@types/react-dom": {
      "version": "17.0.11",
      "resolved": "https://registry.npmjs.org/@types/react-dom/-/react-dom-17.0.11.tgz",
      "integrity": "sha512-f96K3k+24RaLGVu/Y2Ng3e1EbZ8/cVJvypZWd7cy0ofCBaf2lcM46xNhycMZ2xGwbBjRql7hOlZ+e2WlJ5MH3Q==",
      "dev": true,
      "dependencies": {
        "@types/react": "*"
      }
    },
    "node_modules/@types/scheduler": {
      "version": "0.16.2",
      "resolved": "https://registry.npmjs.org/@types/scheduler/-/scheduler-0.16.2.tgz",
      "integrity": "sha512-hppQEBDmlwhFAXKJX2KnWLYu5yMfi91yazPb2l+lbJiwW+wdo1gNeRA+3RgNSO39WYX2euey41KEwnqesU2Jew==",
      "dev": true
    },
    "node_modules/crelt": {
      "version": "1.0.5",
      "resolved": "https://registry.npmjs.org/crelt/-/crelt-1.0.5.tgz",
      "integrity": "sha512-+BO9wPPi+DWTDcNYhr/W90myha8ptzftZT+LwcmUbbok0rcP/fequmFYCw8NMoH7pkAZQzU78b3kYrlua5a9eA=="
    },
    "node_modules/csstype": {
      "version": "3.0.10",
      "resolved": "https://registry.npmjs.org/csstype/-/csstype-3.0.10.tgz",
      "integrity": "sha512-2u44ZG2OcNUO9HDp/Jl8C07x6pU/eTR3ncV91SiK3dhG9TWvRVsCoJw14Ckx5DgWkzGA3waZWO3d7pgqpUI/XA==",
      "dev": true
    },
    "node_modules/js-tokens": {
      "version": "4.0.0",
      "resolved": "https://registry.npmjs.org/js-tokens/-/js-tokens-4.0.0.tgz",
      "integrity": "sha512-RdJUflcE3cUzKiMqQgsCu06FPu9UdIJO0beYbPhHN4k6apgJtifcoCtT9bcxOpYBtpD2kCM6Sbzg4CausW/PKQ=="
    },
    "node_modules/loose-envify": {
      "version": "1.4.0",
      "resolved": "https://registry.npmjs.org/loose-envify/-/loose-envify-1.4.0.tgz",
      "integrity": "sha512-lyuxPGr/Wfhrlem2CL/UcnUc1zcqKAImBDzukY7Y5F/yQiNdko6+fRLevlw1HgMySw7f611UIY408EtxRSoK3Q==",
      "dependencies": {
        "js-tokens": "^3.0.0 || ^4.0.0"
      },
      "bin": {
        "loose-envify": "cli.js"
      }
    },
    "node_modules/object-assign": {
      "version": "4.1.1",
      "resolved": "https://registry.npmjs.org/object-assign/-/object-assign-4.1.1.tgz",
      "integrity": "sha1-IQmtx5ZYh8/AXLvUQsrIv7s2CGM=",
      "engines": {
        "node": ">=0.10.0"
      }
    },
    "node_modules/react": {
      "version": "17.0.2",
      "resolved": "https://registry.npmjs.org/react/-/react-17.0.2.tgz",
      "integrity": "sha512-gnhPt75i/dq/z3/6q/0asP78D0u592D5L1pd7M8P+dck6Fu/jJeL6iVVK23fptSUZj8Vjf++7wXA8UNclGQcbA==",
      "dependencies": {
        "loose-envify": "^1.1.0",
        "object-assign": "^4.1.1"
      },
      "engines": {
        "node": ">=0.10.0"
      }
    },
    "node_modules/react-dom": {
      "version": "17.0.2",
      "resolved": "https://registry.npmjs.org/react-dom/-/react-dom-17.0.2.tgz",
      "integrity": "sha512-s4h96KtLDUQlsENhMn1ar8t2bEa+q/YAtj8pPPdIjPDGBDIVNsrD9aXNWqspUe6AzKCIG0C1HZZLqLV7qpOBGA==",
      "dependencies": {
        "loose-envify": "^1.1.0",
        "object-assign": "^4.1.1",
        "scheduler": "^0.20.2"
      },
      "peerDependencies": {
        "react": "17.0.2"
      }
    },
    "node_modules/scheduler": {
      "version": "0.20.2",
      "resolved": "https://registry.npmjs.org/scheduler/-/scheduler-0.20.2.tgz",
      "integrity": "sha512-2eWfGgAqqWFGqtdMmcL5zCMK1U8KlXv8SQFGglL3CEtd0aDVDWgeF/YoCmvln55m5zSk3J/20hTaSBeSObsQDQ==",
      "dependencies": {
        "loose-envify": "^1.1.0",
        "object-assign": "^4.1.1"
      }
    },
    "node_modules/style-mod": {
      "version": "4.0.0",
      "resolved": "https://registry.npmjs.org/style-mod/-/style-mod-4.0.0.tgz",
      "integrity": "sha512-OPhtyEjyyN9x3nhPsu76f52yUGXiZcgvsrFVtvTkyGRQJ0XK+GPc6ov1z+lRpbeabka+MYEQxOYRnt5nF30aMw=="
    },
    "node_modules/w3c-keyname": {
      "version": "2.2.4",
      "resolved": "https://registry.npmjs.org/w3c-keyname/-/w3c-keyname-2.2.4.tgz",
      "integrity": "sha512-tOhfEwEzFLJzf6d1ZPkYfGj+FWhIpBux9ppoP3rlclw3Z0BZv3N7b7030Z1kYth+6rDuAsXUFr+d0VE6Ed1ikw=="
    }
  },
  "dependencies": {
    "@codemirror/autocomplete": {
      "version": "0.19.9",
      "resolved": "https://registry.npmjs.org/@codemirror/autocomplete/-/autocomplete-0.19.9.tgz",
      "integrity": "sha512-Ph1LWHtFFqNUIqEVrws6I263ihe5TH+TRBPwxQ78j7st7Q67FDAmgKX6mNbUPh02dxfqQrc9qxlo5JIqKeiVdg==",
      "requires": {
        "@codemirror/language": "^0.19.0",
        "@codemirror/state": "^0.19.4",
        "@codemirror/text": "^0.19.2",
        "@codemirror/tooltip": "^0.19.0",
        "@codemirror/view": "^0.19.0",
        "@lezer/common": "^0.15.0"
      }
    },
    "@codemirror/basic-setup": {
      "version": "0.19.0",
      "resolved": "https://registry.npmjs.org/@codemirror/basic-setup/-/basic-setup-0.19.0.tgz",
      "integrity": "sha512-Yhrf7fIz8+INHWOhpWeRwbs8fpc0KsydX9baD7TyYqniLVWyTi0Hwm52mr0f5O+k4YaJPeHAgT3x9gzDXZIvOw==",
      "requires": {
        "@codemirror/autocomplete": "^0.19.0",
        "@codemirror/closebrackets": "^0.19.0",
        "@codemirror/commands": "^0.19.0",
        "@codemirror/comment": "^0.19.0",
        "@codemirror/fold": "^0.19.0",
        "@codemirror/gutter": "^0.19.0",
        "@codemirror/highlight": "^0.19.0",
        "@codemirror/history": "^0.19.0",
        "@codemirror/language": "^0.19.0",
        "@codemirror/lint": "^0.19.0",
        "@codemirror/matchbrackets": "^0.19.0",
        "@codemirror/rectangular-selection": "^0.19.0",
        "@codemirror/search": "^0.19.0",
        "@codemirror/state": "^0.19.0",
        "@codemirror/view": "^0.19.0"
      }
    },
    "@codemirror/closebrackets": {
      "version": "0.19.0",
      "resolved": "https://registry.npmjs.org/@codemirror/closebrackets/-/closebrackets-0.19.0.tgz",
      "integrity": "sha512-dFWX5OEVYWRNtGaifSbwIAlymnRRjxWMiMbffbAjF7p0zfGHDbdGkiT56q3Xud63h5/tQdSo5dK1iyNTzHz5vg==",
      "requires": {
        "@codemirror/language": "^0.19.0",
        "@codemirror/rangeset": "^0.19.0",
        "@codemirror/state": "^0.19.0",
        "@codemirror/text": "^0.19.0",
        "@codemirror/view": "^0.19.0"
      }
    },
    "@codemirror/commands": {
      "version": "0.19.5",
      "resolved": "https://registry.npmjs.org/@codemirror/commands/-/commands-0.19.5.tgz",
      "integrity": "sha512-8PZOtx7d/GbKhFYA88zs2wINDtaUgj3pEjLYScKTd/Vsyw8qOp86tJQQNnMFTRZj/ISQl9Lbg3aAmHvroMqspw==",
      "requires": {
        "@codemirror/language": "^0.19.0",
        "@codemirror/matchbrackets": "^0.19.0",
        "@codemirror/state": "^0.19.2",
        "@codemirror/text": "^0.19.0",
        "@codemirror/view": "^0.19.0",
        "@lezer/common": "^0.15.0"
      }
    },
    "@codemirror/comment": {
      "version": "0.19.0",
      "resolved": "https://registry.npmjs.org/@codemirror/comment/-/comment-0.19.0.tgz",
      "integrity": "sha512-3hqAd0548fxqOBm4khFMcXVIivX8p0bSlbAuZJ6PNoUn/0wXhxkxowPp0FmFzU2+y37Z+ZQF5cRB5EREWPRIiQ==",
      "requires": {
        "@codemirror/state": "^0.19.0",
        "@codemirror/text": "^0.19.0",
        "@codemirror/view": "^0.19.0"
      }
    },
    "@codemirror/fold": {
      "version": "0.19.2",
      "resolved": "https://registry.npmjs.org/@codemirror/fold/-/fold-0.19.2.tgz",
      "integrity": "sha512-FLi6RBhHPBnSbKZEu1S98z+VYSP5678cMdYVqhR58OWWTkEiLRVPeCTj8FhRKNL9B8Gx+lBQhGq3uwr3KtSs8w==",
      "requires": {
        "@codemirror/gutter": "^0.19.0",
        "@codemirror/language": "^0.19.0",
        "@codemirror/rangeset": "^0.19.0",
        "@codemirror/state": "^0.19.0",
        "@codemirror/view": "^0.19.22"
      }
    },
    "@codemirror/gutter": {
      "version": "0.19.9",
      "resolved": "https://registry.npmjs.org/@codemirror/gutter/-/gutter-0.19.9.tgz",
      "integrity": "sha512-PFrtmilahin1g6uL27aG5tM/rqR9DZzZYZsIrCXA5Uc2OFTFqx4owuhoU9hqfYxHp5ovfvBwQ+txFzqS4vog6Q==",
      "requires": {
        "@codemirror/rangeset": "^0.19.0",
        "@codemirror/state": "^0.19.0",
        "@codemirror/view": "^0.19.23"
      }
    },
    "@codemirror/highlight": {
      "version": "0.19.6",
      "resolved": "https://registry.npmjs.org/@codemirror/highlight/-/highlight-0.19.6.tgz",
      "integrity": "sha512-+eibu6on9quY8uN3xJ/n3rH+YIDLlpX7YulVmFvqAIz/ukRQ5tWaBmB7fMixHmnmRIRBRZgB8rNtonuMwZSAHQ==",
      "requires": {
        "@codemirror/language": "^0.19.0",
        "@codemirror/rangeset": "^0.19.0",
        "@codemirror/state": "^0.19.0",
        "@codemirror/view": "^0.19.0",
        "@lezer/common": "^0.15.0",
        "style-mod": "^4.0.0"
      }
    },
    "@codemirror/history": {
      "version": "0.19.0",
      "resolved": "https://registry.npmjs.org/@codemirror/history/-/history-0.19.0.tgz",
      "integrity": "sha512-E0H+lncH66IMDhaND9jgkjE7s0dhYfjCPmS+Ig2Yes9I8+UIEecIdObj8c8HPCFGctGg3fxXqRAw2mdHl2Wouw==",
      "requires": {
        "@codemirror/state": "^0.19.0",
        "@codemirror/view": "^0.19.0"
      }
    },
    "@codemirror/language": {
      "version": "0.19.7",
      "resolved": "https://registry.npmjs.org/@codemirror/language/-/language-0.19.7.tgz",
      "integrity": "sha512-pNNUtYWMIMG0lUSKyUXJr8U0rFiCKsKFXbA2Oj17PC+S1FY99hV0z1vcntW67ekAIZw9DMEUQnLsKBuIbAUX7Q==",
      "requires": {
        "@codemirror/state": "^0.19.0",
        "@codemirror/text": "^0.19.0",
        "@codemirror/view": "^0.19.0",
        "@lezer/common": "^0.15.5",
        "@lezer/lr": "^0.15.0"
      }
    },
    "@codemirror/lint": {
      "version": "0.19.3",
      "resolved": "https://registry.npmjs.org/@codemirror/lint/-/lint-0.19.3.tgz",
      "integrity": "sha512-+c39s05ybD2NjghxkPFsUbH/qBL0cdzKmtHbzUm0RVspeL2OiP7uHYJ6J5+Qr9RjMIPWzcqSauRqxfmCrctUfg==",
      "requires": {
        "@codemirror/gutter": "^0.19.4",
        "@codemirror/panel": "^0.19.0",
        "@codemirror/rangeset": "^0.19.1",
        "@codemirror/state": "^0.19.4",
        "@codemirror/tooltip": "^0.19.5",
        "@codemirror/view": "^0.19.0",
        "crelt": "^1.0.5"
      }
    },
    "@codemirror/matchbrackets": {
      "version": "0.19.3",
      "resolved": "https://registry.npmjs.org/@codemirror/matchbrackets/-/matchbrackets-0.19.3.tgz",
      "integrity": "sha512-ljkrBxaLgh8jesroUiBa57pdEwqJamxkukXrJpL9LdyFZVJaF+9TldhztRaMsMZO1XnCSSHQ9sg32iuHo7Sc2g==",
      "requires": {
        "@codemirror/language": "^0.19.0",
        "@codemirror/state": "^0.19.0",
        "@codemirror/view": "^0.19.0",
        "@lezer/common": "^0.15.0"
      }
    },
    "@codemirror/panel": {
      "version": "0.19.0",
      "resolved": "https://registry.npmjs.org/@codemirror/panel/-/panel-0.19.0.tgz",
      "integrity": "sha512-LJuu49xnuhaAztlhnLJQ57ddOirSyf8/lnl7twsQUG/05RkxodBZ9F7q8r5AOLqOkaQOy9WySEKX1Ur8lD9Q5w==",
      "requires": {
        "@codemirror/state": "^0.19.0",
        "@codemirror/view": "^0.19.0"
      }
    },
    "@codemirror/rangeset": {
      "version": "0.19.2",
      "resolved": "https://registry.npmjs.org/@codemirror/rangeset/-/rangeset-0.19.2.tgz",
      "integrity": "sha512-5d+X8LtmeZtfFtKrSx57bIHRUpKv2HD0b74clp4fGA7qJLLfYehF6FGkJJxJb8lKsqAga1gdjjWr0jiypmIxoQ==",
      "requires": {
        "@codemirror/state": "^0.19.0"
      }
    },
    "@codemirror/rectangular-selection": {
      "version": "0.19.1",
      "resolved": "https://registry.npmjs.org/@codemirror/rectangular-selection/-/rectangular-selection-0.19.1.tgz",
      "integrity": "sha512-9ElnqOg3mpZIWe0prPRd1SZ48Q9QB3bR8Aocq8UtjboJSUG8ABhRrbuTZMW/rMqpBPSjVpCe9xkCCkEQMYQVmw==",
      "requires": {
        "@codemirror/state": "^0.19.0",
        "@codemirror/text": "^0.19.4",
        "@codemirror/view": "^0.19.0"
      }
    },
    "@codemirror/search": {
      "version": "0.19.4",
      "resolved": "https://registry.npmjs.org/@codemirror/search/-/search-0.19.4.tgz",
      "integrity": "sha512-Oogbi/Ep7suM3Q6eCeRdaPBHyJtuFnYo287H9uXwrbS7nCCoqYBy272tUt0OMt3GhJ3yK0/g+XMDveb+HVKRtA==",
      "requires": {
        "@codemirror/panel": "^0.19.0",
        "@codemirror/rangeset": "^0.19.0",
        "@codemirror/state": "^0.19.3",
        "@codemirror/text": "^0.19.0",
        "@codemirror/view": "^0.19.0",
        "crelt": "^1.0.5"
      }
    },
    "@codemirror/state": {
      "version": "0.19.6",
      "resolved": "https://registry.npmjs.org/@codemirror/state/-/state-0.19.6.tgz",
      "integrity": "sha512-sqIQZE9VqwQj7D4c2oz9mfLhlT1ElAzGB5lO1lE33BPyrdNy1cJyCIOecT4cn4VeJOFrnjOeu+IftZ3zqdFETw==",
      "requires": {
        "@codemirror/text": "^0.19.0"
      }
    },
    "@codemirror/text": {
      "version": "0.19.5",
      "resolved": "https://registry.npmjs.org/@codemirror/text/-/text-0.19.5.tgz",
      "integrity": "sha512-Syu5Xc7tZzeUAM/y4fETkT0zgGr48rDG+w4U38bPwSIUr+L9S/7w2wDE1WGNzjaZPz12F6gb1gxWiSTg9ocLow=="
    },
    "@codemirror/tooltip": {
      "version": "0.19.10",
      "resolved": "https://registry.npmjs.org/@codemirror/tooltip/-/tooltip-0.19.10.tgz",
      "integrity": "sha512-xqIhCHr+IYoamdNLvBnU/oDh92zPnsbT1zLaFtKTFi9GI9SxOfBhWY3jfMENlK0j1C9rk8+AvwpXblPGvY/O6w==",
      "requires": {
        "@codemirror/state": "^0.19.0",
        "@codemirror/view": "^0.19.0"
      }
    },
    "@codemirror/view": {
      "version": "0.19.26",
      "resolved": "https://registry.npmjs.org/@codemirror/view/-/view-0.19.26.tgz",
      "integrity": "sha512-7QfXtFLDqXY2TfdxPCQ/NvXjINGaqXQ6SAHKQmxZ+jDcTCWmhFcxaAkrDneqcfGmtp72tUPOXG9PiwCbRWgRLw==",
      "requires": {
        "@codemirror/rangeset": "^0.19.0",
        "@codemirror/state": "^0.19.3",
        "@codemirror/text": "^0.19.0",
        "style-mod": "^4.0.0",
        "w3c-keyname": "^2.2.4"
      }
    },
    "@lezer/common": {
      "version": "0.15.10",
      "resolved": "https://registry.npmjs.org/@lezer/common/-/common-0.15.10.tgz",
      "integrity": "sha512-vlr+be73zTDoQBIknBVOh/633tmbQcjxUu9PIeVeYESeBK3V6TuBW96RRFg93Y2cyK9lglz241gOgSn452HFvA=="
    },
    "@lezer/lr": {
      "version": "0.15.5",
      "resolved": "https://registry.npmjs.org/@lezer/lr/-/lr-0.15.5.tgz",
      "integrity": "sha512-DEcLyhdmBxD1foQe7RegLrSlfS/XaTMGLkO5evkzHWAQKh/JnFWp7j7iNB7s2EpxzRrBCh0U+W7JDCeFhv2mng==",
      "requires": {
        "@lezer/common": "^0.15.0"
      }
    },
    "@types/prop-types": {
      "version": "15.7.4",
      "resolved": "https://registry.npmjs.org/@types/prop-types/-/prop-types-15.7.4.tgz",
      "integrity": "sha512-rZ5drC/jWjrArrS8BR6SIr4cWpW09RNTYt9AMZo3Jwwif+iacXAqgVjm0B0Bv/S1jhDXKHqRVNCbACkJ89RAnQ==",
      "dev": true
    },
    "@types/react": {
      "version": "17.0.35",
      "resolved": "https://registry.npmjs.org/@types/react/-/react-17.0.35.tgz",
      "integrity": "sha512-r3C8/TJuri/SLZiiwwxQoLAoavaczARfT9up9b4Jr65+ErAUX3MIkU0oMOQnrpfgHme8zIqZLX7O5nnjm5Wayw==",
      "dev": true,
      "requires": {
        "@types/prop-types": "*",
        "@types/scheduler": "*",
        "csstype": "^3.0.2"
      }
    },
    "@types/react-dom": {
      "version": "17.0.11",
      "resolved": "https://registry.npmjs.org/@types/react-dom/-/react-dom-17.0.11.tgz",
      "integrity": "sha512-f96K3k+24RaLGVu/Y2Ng3e1EbZ8/cVJvypZWd7cy0ofCBaf2lcM46xNhycMZ2xGwbBjRql7hOlZ+e2WlJ5MH3Q==",
      "dev": true,
      "requires": {
        "@types/react": "*"
      }
    },
    "@types/scheduler": {
      "version": "0.16.2",
      "resolved": "https://registry.npmjs.org/@types/scheduler/-/scheduler-0.16.2.tgz",
      "integrity": "sha512-hppQEBDmlwhFAXKJX2KnWLYu5yMfi91yazPb2l+lbJiwW+wdo1gNeRA+3RgNSO39WYX2euey41KEwnqesU2Jew==",
      "dev": true
    },
    "crelt": {
      "version": "1.0.5",
      "resolved": "https://registry.npmjs.org/crelt/-/crelt-1.0.5.tgz",
      "integrity": "sha512-+BO9wPPi+DWTDcNYhr/W90myha8ptzftZT+LwcmUbbok0rcP/fequmFYCw8NMoH7pkAZQzU78b3kYrlua5a9eA=="
    },
    "csstype": {
      "version": "3.0.10",
      "resolved": "https://registry.npmjs.org/csstype/-/csstype-3.0.10.tgz",
      "integrity": "sha512-2u44ZG2OcNUO9HDp/Jl8C07x6pU/eTR3ncV91SiK3dhG9TWvRVsCoJw14Ckx5DgWkzGA3waZWO3d7pgqpUI/XA==",
      "dev": true
    },
    "js-tokens": {
      "version": "4.0.0",
      "resolved": "https://registry.npmjs.org/js-tokens/-/js-tokens-4.0.0.tgz",
      "integrity": "sha512-RdJUflcE3cUzKiMqQgsCu06FPu9UdIJO0beYbPhHN4k6apgJtifcoCtT9bcxOpYBtpD2kCM6Sbzg4CausW/PKQ=="
    },
    "loose-envify": {
      "version": "1.4.0",
      "resolved": "https://registry.npmjs.org/loose-envify/-/loose-envify-1.4.0.tgz",
      "integrity": "sha512-lyuxPGr/Wfhrlem2CL/UcnUc1zcqKAImBDzukY7Y5F/yQiNdko6+fRLevlw1HgMySw7f611UIY408EtxRSoK3Q==",
      "requires": {
        "js-tokens": "^3.0.0 || ^4.0.0"
      }
    },
    "object-assign": {
      "version": "4.1.1",
      "resolved": "https://registry.npmjs.org/object-assign/-/object-assign-4.1.1.tgz",
      "integrity": "sha1-IQmtx5ZYh8/AXLvUQsrIv7s2CGM="
    },
    "react": {
      "version": "17.0.2",
      "resolved": "https://registry.npmjs.org/react/-/react-17.0.2.tgz",
      "integrity": "sha512-gnhPt75i/dq/z3/6q/0asP78D0u592D5L1pd7M8P+dck6Fu/jJeL6iVVK23fptSUZj8Vjf++7wXA8UNclGQcbA==",
      "requires": {
        "loose-envify": "^1.1.0",
        "object-assign": "^4.1.1"
      }
    },
    "react-dom": {
      "version": "17.0.2",
      "resolved": "https://registry.npmjs.org/react-dom/-/react-dom-17.0.2.tgz",
      "integrity": "sha512-s4h96KtLDUQlsENhMn1ar8t2bEa+q/YAtj8pPPdIjPDGBDIVNsrD9aXNWqspUe6AzKCIG0C1HZZLqLV7qpOBGA==",
      "requires": {
        "loose-envify": "^1.1.0",
        "object-assign": "^4.1.1",
        "scheduler": "^0.20.2"
      }
    },
    "scheduler": {
      "version": "0.20.2",
      "resolved": "https://registry.npmjs.org/scheduler/-/scheduler-0.20.2.tgz",
      "integrity": "sha512-2eWfGgAqqWFGqtdMmcL5zCMK1U8KlXv8SQFGglL3CEtd0aDVDWgeF/YoCmvln55m5zSk3J/20hTaSBeSObsQDQ==",
      "requires": {
        "loose-envify": "^1.1.0",
        "object-assign": "^4.1.1"
      }
    },
    "style-mod": {
      "version": "4.0.0",
      "resolved": "https://registry.npmjs.org/style-mod/-/style-mod-4.0.0.tgz",
      "integrity": "sha512-OPhtyEjyyN9x3nhPsu76f52yUGXiZcgvsrFVtvTkyGRQJ0XK+GPc6ov1z+lRpbeabka+MYEQxOYRnt5nF30aMw=="
    },
    "w3c-keyname": {
      "version": "2.2.4",
      "resolved": "https://registry.npmjs.org/w3c-keyname/-/w3c-keyname-2.2.4.tgz",
      "integrity": "sha512-tOhfEwEzFLJzf6d1ZPkYfGj+FWhIpBux9ppoP3rlclw3Z0BZv3N7b7030Z1kYth+6rDuAsXUFr+d0VE6Ed1ikw=="
    }
  }
}
